
Microsoft Visual Studio Solution File, Format Version 12.00
# Visual Studio Version 16
VisualStudioVersion = 16.0.30204.135
MinimumVisualStudioVersion = 10.0.40219.1
Project("{FAE04EC0-301F-11D3-BF4B-00C04F79EFBC}") = "ConsoleApp1", "ConsoleApp1\ConsoleApp1.csproj", "{48B64536-6C74-4DBB-B408-AA5C2E76B19B}"
EndProject
Project("{FAE04EC0-301F-11D3-BF4B-00C04F79EFBC}") = "Circle", "Circle\Circle.csproj", "{9FDA68B1-9897-45BE-AF15-5C3F35BBA49E}"
EndProject
Global
	GlobalSection(SolutionConfigurationPlatforms) = preSolution
		Debug|Any CPU = Debug|Any CPU
		Release|Any CPU = Release|Any CPU
	EndGlobalSection
	GlobalSection(ProjectConfigurationPlatforms) = postSolution
		{48B64536-6C74-4DBB-B408-AA5C2E76B19B}.Debug|Any CPU.ActiveCfg = Debug|Any CPU
		{48B64536-6C74-4DBB-B408-AA5C2E76B19B}.Debug|Any CPU.Build.0 = Debug|Any CPU
		{48B64536-6C74-4DBB-B408-AA5C2E76B19B}.Release|Any CPU.ActiveCfg = Release|Any CPU
		{48B64536-6C74-4DBB-B408-AA5C2E76B19B}.Release|Any CPU.Build.0 = Release|Any CPU
		{9FDA68B1-9897-45BE-AF15-5C3F35BBA49E}.Debug|Any CPU.ActiveCfg = Debug|Any CPU
		{9FDA68B1-9897-45BE-AF15-5C3F35BBA49E}.Debug|Any CPU.Build.0 = Debug|Any CPU
		{9FDA68B1-9897-45BE-AF15-5C3F35BBA49E}.Release|Any CPU.ActiveCfg = Release|Any CPU
		{9FDA68B1-9897-45BE-AF15-5C3F35BBA49E}.Release|Any CPU.Build.0 = Release|Any CPU
	EndGlobalSection
	GlobalSection(SolutionProperties) = preSolution
		HideSolutionNode = FALSE
	EndGlobalSection
	GlobalSection(ExtensibilityGlobals) = postSolution
		SolutionGuid = {EB4A4126-73AD-45C2-B4C5-0CFDA9690E05}
	EndGlobalSection
EndGlobal
