
Microsoft Visual Studio Solution File, Format Version 12.00
# Visual Studio Version 16
VisualStudioVersion = 16.0.30204.135
MinimumVisualStudioVersion = 10.0.40219.1
Project("{FAE04EC0-301F-11D3-BF4B-00C04F79EFBC}") = "ConsoleApp1", "ConsoleApp1\ConsoleApp1.csproj", "{48B64536-6C74-4DBB-B408-AA5C2E76B19B}"
EndProject
Project("{FAE04EC0-301F-11D3-BF4B-00C04F79EFBC}") = "Circle", "Circle\Circle.csproj", "{9FDA68B1-9897-45BE-AF15-5C3F35BBA49E}"
EndProject
Project("{FAE04EC0-301F-11D3-BF4B-00C04F79EFBC}") = "Delegate", "Delegate\Delegate.csproj", "{962B8850-87D0-4C83-8FE7-C6830CD75F24}"
EndProject
Project("{FAE04EC0-301F-11D3-BF4B-00C04F79EFBC}") = "Sort_Delegate", "Sort_Delegate\Sort_Delegate.csproj", "{95F29CCD-5DC9-461A-A8EB-5E52AF568D46}"
EndProject
Project("{FAE04EC0-301F-11D3-BF4B-00C04F79EFBC}") = "interface", "interface\interface.csproj", "{F44168D3-5C48-46A5-B527-74111C208D5B}"
EndProject
Global
	GlobalSection(SolutionConfigurationPlatforms) = preSolution
		Debug|Any CPU = Debug|Any CPU
		Debug|x64 = Debug|x64
		Debug|x86 = Debug|x86
		Release|Any CPU = Release|Any CPU
		Release|x64 = Release|x64
		Release|x86 = Release|x86
	EndGlobalSection
	GlobalSection(ProjectConfigurationPlatforms) = postSolution
		{48B64536-6C74-4DBB-B408-AA5C2E76B19B}.Debug|Any CPU.ActiveCfg = Debug|Any CPU
		{48B64536-6C74-4DBB-B408-AA5C2E76B19B}.Debug|Any CPU.Build.0 = Debug|Any CPU
		{48B64536-6C74-4DBB-B408-AA5C2E76B19B}.Debug|x64.ActiveCfg = Debug|Any CPU
		{48B64536-6C74-4DBB-B408-AA5C2E76B19B}.Debug|x64.Build.0 = Debug|Any CPU
		{48B64536-6C74-4DBB-B408-AA5C2E76B19B}.Debug|x86.ActiveCfg = Debug|Any CPU
		{48B64536-6C74-4DBB-B408-AA5C2E76B19B}.Debug|x86.Build.0 = Debug|Any CPU
		{48B64536-6C74-4DBB-B408-AA5C2E76B19B}.Release|Any CPU.ActiveCfg = Release|Any CPU
		{48B64536-6C74-4DBB-B408-AA5C2E76B19B}.Release|Any CPU.Build.0 = Release|Any CPU
		{48B64536-6C74-4DBB-B408-AA5C2E76B19B}.Release|x64.ActiveCfg = Release|Any CPU
		{48B64536-6C74-4DBB-B408-AA5C2E76B19B}.Release|x64.Build.0 = Release|Any CPU
		{48B64536-6C74-4DBB-B408-AA5C2E76B19B}.Release|x86.ActiveCfg = Release|Any CPU
		{48B64536-6C74-4DBB-B408-AA5C2E76B19B}.Release|x86.Build.0 = Release|Any CPU
		{9FDA68B1-9897-45BE-AF15-5C3F35BBA49E}.Debug|Any CPU.ActiveCfg = Debug|Any CPU
		{9FDA68B1-9897-45BE-AF15-5C3F35BBA49E}.Debug|Any CPU.Build.0 = Debug|Any CPU
		{9FDA68B1-9897-45BE-AF15-5C3F35BBA49E}.Debug|x64.ActiveCfg = Debug|Any CPU
		{9FDA68B1-9897-45BE-AF15-5C3F35BBA49E}.Debug|x64.Build.0 = Debug|Any CPU
		{9FDA68B1-9897-45BE-AF15-5C3F35BBA49E}.Debug|x86.ActiveCfg = Debug|Any CPU
		{9FDA68B1-9897-45BE-AF15-5C3F35BBA49E}.Debug|x86.Build.0 = Debug|Any CPU
		{9FDA68B1-9897-45BE-AF15-5C3F35BBA49E}.Release|Any CPU.ActiveCfg = Release|Any CPU
		{9FDA68B1-9897-45BE-AF15-5C3F35BBA49E}.Release|Any CPU.Build.0 = Release|Any CPU
		{9FDA68B1-9897-45BE-AF15-5C3F35BBA49E}.Release|x64.ActiveCfg = Release|Any CPU
		{9FDA68B1-9897-45BE-AF15-5C3F35BBA49E}.Release|x64.Build.0 = Release|Any CPU
		{9FDA68B1-9897-45BE-AF15-5C3F35BBA49E}.Release|x86.ActiveCfg = Release|Any CPU
		{9FDA68B1-9897-45BE-AF15-5C3F35BBA49E}.Release|x86.Build.0 = Release|Any CPU
		{962B8850-87D0-4C83-8FE7-C6830CD75F24}.Debug|Any CPU.ActiveCfg = Debug|Any CPU
		{962B8850-87D0-4C83-8FE7-C6830CD75F24}.Debug|Any CPU.Build.0 = Debug|Any CPU
		{962B8850-87D0-4C83-8FE7-C6830CD75F24}.Debug|x64.ActiveCfg = Debug|Any CPU
		{962B8850-87D0-4C83-8FE7-C6830CD75F24}.Debug|x64.Build.0 = Debug|Any CPU
		{962B8850-87D0-4C83-8FE7-C6830CD75F24}.Debug|x86.ActiveCfg = Debug|Any CPU
		{962B8850-87D0-4C83-8FE7-C6830CD75F24}.Debug|x86.Build.0 = Debug|Any CPU
		{962B8850-87D0-4C83-8FE7-C6830CD75F24}.Release|Any CPU.ActiveCfg = Release|Any CPU
		{962B8850-87D0-4C83-8FE7-C6830CD75F24}.Release|Any CPU.Build.0 = Release|Any CPU
		{962B8850-87D0-4C83-8FE7-C6830CD75F24}.Release|x64.ActiveCfg = Release|Any CPU
		{962B8850-87D0-4C83-8FE7-C6830CD75F24}.Release|x64.Build.0 = Release|Any CPU
		{962B8850-87D0-4C83-8FE7-C6830CD75F24}.Release|x86.ActiveCfg = Release|Any CPU
		{962B8850-87D0-4C83-8FE7-C6830CD75F24}.Release|x86.Build.0 = Release|Any CPU
		{95F29CCD-5DC9-461A-A8EB-5E52AF568D46}.Debug|Any CPU.ActiveCfg = Debug|Any CPU
		{95F29CCD-5DC9-461A-A8EB-5E52AF568D46}.Debug|Any CPU.Build.0 = Debug|Any CPU
		{95F29CCD-5DC9-461A-A8EB-5E52AF568D46}.Debug|x64.ActiveCfg = Debug|Any CPU
		{95F29CCD-5DC9-461A-A8EB-5E52AF568D46}.Debug|x64.Build.0 = Debug|Any CPU
		{95F29CCD-5DC9-461A-A8EB-5E52AF568D46}.Debug|x86.ActiveCfg = Debug|Any CPU
		{95F29CCD-5DC9-461A-A8EB-5E52AF568D46}.Debug|x86.Build.0 = Debug|Any CPU
		{95F29CCD-5DC9-461A-A8EB-5E52AF568D46}.Release|Any CPU.ActiveCfg = Release|Any CPU
		{95F29CCD-5DC9-461A-A8EB-5E52AF568D46}.Release|Any CPU.Build.0 = Release|Any CPU
		{95F29CCD-5DC9-461A-A8EB-5E52AF568D46}.Release|x64.ActiveCfg = Release|Any CPU
		{95F29CCD-5DC9-461A-A8EB-5E52AF568D46}.Release|x64.Build.0 = Release|Any CPU
		{95F29CCD-5DC9-461A-A8EB-5E52AF568D46}.Release|x86.ActiveCfg = Release|Any CPU
		{95F29CCD-5DC9-461A-A8EB-5E52AF568D46}.Release|x86.Build.0 = Release|Any CPU
		{F44168D3-5C48-46A5-B527-74111C208D5B}.Debug|Any CPU.ActiveCfg = Debug|Any CPU
		{F44168D3-5C48-46A5-B527-74111C208D5B}.Debug|Any CPU.Build.0 = Debug|Any CPU
		{F44168D3-5C48-46A5-B527-74111C208D5B}.Debug|x64.ActiveCfg = Debug|Any CPU
		{F44168D3-5C48-46A5-B527-74111C208D5B}.Debug|x64.Build.0 = Debug|Any CPU
		{F44168D3-5C48-46A5-B527-74111C208D5B}.Debug|x86.ActiveCfg = Debug|Any CPU
		{F44168D3-5C48-46A5-B527-74111C208D5B}.Debug|x86.Build.0 = Debug|Any CPU
		{F44168D3-5C48-46A5-B527-74111C208D5B}.Release|Any CPU.ActiveCfg = Release|Any CPU
		{F44168D3-5C48-46A5-B527-74111C208D5B}.Release|Any CPU.Build.0 = Release|Any CPU
		{F44168D3-5C48-46A5-B527-74111C208D5B}.Release|x64.ActiveCfg = Release|Any CPU
		{F44168D3-5C48-46A5-B527-74111C208D5B}.Release|x64.Build.0 = Release|Any CPU
		{F44168D3-5C48-46A5-B527-74111C208D5B}.Release|x86.ActiveCfg = Release|Any CPU
		{F44168D3-5C48-46A5-B527-74111C208D5B}.Release|x86.Build.0 = Release|Any CPU
	EndGlobalSection
	GlobalSection(SolutionProperties) = preSolution
		HideSolutionNode = FALSE
	EndGlobalSection
	GlobalSection(ExtensibilityGlobals) = postSolution
		SolutionGuid = {EB4A4126-73AD-45C2-B4C5-0CFDA9690E05}
	EndGlobalSection
EndGlobal
