
Microsoft Visual Studio Solution File, Format Version 12.00
# Visual Studio Version 16
VisualStudioVersion = 16.0.30517.126
MinimumVisualStudioVersion = 10.0.40219.1
Project("{8BC9CEB8-8B4A-11D0-8D11-00A0C91BC942}") = "71_CircularQueue", "71_CircularQueue\71_CircularQueue.vcxproj", "{E85E33A5-91E2-4B0A-8990-6D1742135F96}"
EndProject
Global
	GlobalSection(SolutionConfigurationPlatforms) = preSolution
		Debug|x64 = Debug|x64
		Debug|x86 = Debug|x86
		Release|x64 = Release|x64
		Release|x86 = Release|x86
	EndGlobalSection
	GlobalSection(ProjectConfigurationPlatforms) = postSolution
		{E85E33A5-91E2-4B0A-8990-6D1742135F96}.Debug|x64.ActiveCfg = Debug|x64
		{E85E33A5-91E2-4B0A-8990-6D1742135F96}.Debug|x64.Build.0 = Debug|x64
		{E85E33A5-91E2-4B0A-8990-6D1742135F96}.Debug|x86.ActiveCfg = Debug|Win32
		{E85E33A5-91E2-4B0A-8990-6D1742135F96}.Debug|x86.Build.0 = Debug|Win32
		{E85E33A5-91E2-4B0A-8990-6D1742135F96}.Release|x64.ActiveCfg = Release|x64
		{E85E33A5-91E2-4B0A-8990-6D1742135F96}.Release|x64.Build.0 = Release|x64
		{E85E33A5-91E2-4B0A-8990-6D1742135F96}.Release|x86.ActiveCfg = Release|Win32
		{E85E33A5-91E2-4B0A-8990-6D1742135F96}.Release|x86.Build.0 = Release|Win32
	EndGlobalSection
	GlobalSection(SolutionProperties) = preSolution
		HideSolutionNode = FALSE
	EndGlobalSection
	GlobalSection(ExtensibilityGlobals) = postSolution
		SolutionGuid = {42A87025-823E-4EB2-9F43-629DB75D5DFA}
	EndGlobalSection
EndGlobal
