
Microsoft Visual Studio Solution File, Format Version 12.00
# Visual Studio Version 16
VisualStudioVersion = 16.0.30517.126
MinimumVisualStudioVersion = 10.0.40219.1
Project("{8BC9CEB8-8B4A-11D0-8D11-00A0C91BC942}") = "Circular_Linked_List", "Circular_Linked_List\Circular_Linked_List.vcxproj", "{C25CF857-C75A-49A9-BFDA-E31206E38851}"
EndProject
Project("{8BC9CEB8-8B4A-11D0-8D11-00A0C91BC942}") = "Doubly_Linked_List", "Doubly_Linked_List\Doubly_Linked_List.vcxproj", "{C542EC21-9189-40E2-ACBC-6FCE73E07B7D}"
EndProject
Project("{8BC9CEB8-8B4A-11D0-8D11-00A0C91BC942}") = "62_ArrayBaseStack_Test", "62_ArrayBaseStack_Test\62_ArrayBaseStack_Test.vcxproj", "{83867CD6-58C7-4EDA-A806-ADDE0364A492}"
EndProject
Project("{8BC9CEB8-8B4A-11D0-8D11-00A0C91BC942}") = "63_ListBaseStack", "63_ListBaseStack\63_ListBaseStack.vcxproj", "{E9DC703F-F111-4E72-BADC-2D14C5102430}"
EndProject
Project("{8BC9CEB8-8B4A-11D0-8D11-00A0C91BC942}") = "64_InfixToPostfix", "64_InfixToPostfix\64_InfixToPostfix.vcxproj", "{D3C0A7A1-D4E6-4927-9E20-8CA4EEE8D736}"
EndProject
Project("{8BC9CEB8-8B4A-11D0-8D11-00A0C91BC942}") = "65_PostCalculator", "65_PostCalculator\65_PostCalculator.vcxproj", "{087349CB-0BCE-4406-A790-A1DE63D7D56E}"
EndProject
Global
	GlobalSection(SolutionConfigurationPlatforms) = preSolution
		Debug|x64 = Debug|x64
		Debug|x86 = Debug|x86
		Release|x64 = Release|x64
		Release|x86 = Release|x86
	EndGlobalSection
	GlobalSection(ProjectConfigurationPlatforms) = postSolution
		{C25CF857-C75A-49A9-BFDA-E31206E38851}.Debug|x64.ActiveCfg = Debug|x64
		{C25CF857-C75A-49A9-BFDA-E31206E38851}.Debug|x64.Build.0 = Debug|x64
		{C25CF857-C75A-49A9-BFDA-E31206E38851}.Debug|x86.ActiveCfg = Debug|Win32
		{C25CF857-C75A-49A9-BFDA-E31206E38851}.Debug|x86.Build.0 = Debug|Win32
		{C25CF857-C75A-49A9-BFDA-E31206E38851}.Release|x64.ActiveCfg = Release|x64
		{C25CF857-C75A-49A9-BFDA-E31206E38851}.Release|x64.Build.0 = Release|x64
		{C25CF857-C75A-49A9-BFDA-E31206E38851}.Release|x86.ActiveCfg = Release|Win32
		{C25CF857-C75A-49A9-BFDA-E31206E38851}.Release|x86.Build.0 = Release|Win32
		{C542EC21-9189-40E2-ACBC-6FCE73E07B7D}.Debug|x64.ActiveCfg = Debug|x64
		{C542EC21-9189-40E2-ACBC-6FCE73E07B7D}.Debug|x64.Build.0 = Debug|x64
		{C542EC21-9189-40E2-ACBC-6FCE73E07B7D}.Debug|x86.ActiveCfg = Debug|Win32
		{C542EC21-9189-40E2-ACBC-6FCE73E07B7D}.Debug|x86.Build.0 = Debug|Win32
		{C542EC21-9189-40E2-ACBC-6FCE73E07B7D}.Release|x64.ActiveCfg = Release|x64
		{C542EC21-9189-40E2-ACBC-6FCE73E07B7D}.Release|x64.Build.0 = Release|x64
		{C542EC21-9189-40E2-ACBC-6FCE73E07B7D}.Release|x86.ActiveCfg = Release|Win32
		{C542EC21-9189-40E2-ACBC-6FCE73E07B7D}.Release|x86.Build.0 = Release|Win32
		{83867CD6-58C7-4EDA-A806-ADDE0364A492}.Debug|x64.ActiveCfg = Debug|x64
		{83867CD6-58C7-4EDA-A806-ADDE0364A492}.Debug|x64.Build.0 = Debug|x64
		{83867CD6-58C7-4EDA-A806-ADDE0364A492}.Debug|x86.ActiveCfg = Debug|Win32
		{83867CD6-58C7-4EDA-A806-ADDE0364A492}.Debug|x86.Build.0 = Debug|Win32
		{83867CD6-58C7-4EDA-A806-ADDE0364A492}.Release|x64.ActiveCfg = Release|x64
		{83867CD6-58C7-4EDA-A806-ADDE0364A492}.Release|x64.Build.0 = Release|x64
		{83867CD6-58C7-4EDA-A806-ADDE0364A492}.Release|x86.ActiveCfg = Release|Win32
		{83867CD6-58C7-4EDA-A806-ADDE0364A492}.Release|x86.Build.0 = Release|Win32
		{E9DC703F-F111-4E72-BADC-2D14C5102430}.Debug|x64.ActiveCfg = Debug|x64
		{E9DC703F-F111-4E72-BADC-2D14C5102430}.Debug|x64.Build.0 = Debug|x64
		{E9DC703F-F111-4E72-BADC-2D14C5102430}.Debug|x86.ActiveCfg = Debug|Win32
		{E9DC703F-F111-4E72-BADC-2D14C5102430}.Debug|x86.Build.0 = Debug|Win32
		{E9DC703F-F111-4E72-BADC-2D14C5102430}.Release|x64.ActiveCfg = Release|x64
		{E9DC703F-F111-4E72-BADC-2D14C5102430}.Release|x64.Build.0 = Release|x64
		{E9DC703F-F111-4E72-BADC-2D14C5102430}.Release|x86.ActiveCfg = Release|Win32
		{E9DC703F-F111-4E72-BADC-2D14C5102430}.Release|x86.Build.0 = Release|Win32
		{D3C0A7A1-D4E6-4927-9E20-8CA4EEE8D736}.Debug|x64.ActiveCfg = Debug|x64
		{D3C0A7A1-D4E6-4927-9E20-8CA4EEE8D736}.Debug|x64.Build.0 = Debug|x64
		{D3C0A7A1-D4E6-4927-9E20-8CA4EEE8D736}.Debug|x86.ActiveCfg = Debug|Win32
		{D3C0A7A1-D4E6-4927-9E20-8CA4EEE8D736}.Debug|x86.Build.0 = Debug|Win32
		{D3C0A7A1-D4E6-4927-9E20-8CA4EEE8D736}.Release|x64.ActiveCfg = Release|x64
		{D3C0A7A1-D4E6-4927-9E20-8CA4EEE8D736}.Release|x64.Build.0 = Release|x64
		{D3C0A7A1-D4E6-4927-9E20-8CA4EEE8D736}.Release|x86.ActiveCfg = Release|Win32
		{D3C0A7A1-D4E6-4927-9E20-8CA4EEE8D736}.Release|x86.Build.0 = Release|Win32
		{087349CB-0BCE-4406-A790-A1DE63D7D56E}.Debug|x64.ActiveCfg = Debug|x64
		{087349CB-0BCE-4406-A790-A1DE63D7D56E}.Debug|x64.Build.0 = Debug|x64
		{087349CB-0BCE-4406-A790-A1DE63D7D56E}.Debug|x86.ActiveCfg = Debug|Win32
		{087349CB-0BCE-4406-A790-A1DE63D7D56E}.Debug|x86.Build.0 = Debug|Win32
		{087349CB-0BCE-4406-A790-A1DE63D7D56E}.Release|x64.ActiveCfg = Release|x64
		{087349CB-0BCE-4406-A790-A1DE63D7D56E}.Release|x64.Build.0 = Release|x64
		{087349CB-0BCE-4406-A790-A1DE63D7D56E}.Release|x86.ActiveCfg = Release|Win32
		{087349CB-0BCE-4406-A790-A1DE63D7D56E}.Release|x86.Build.0 = Release|Win32
	EndGlobalSection
	GlobalSection(SolutionProperties) = preSolution
		HideSolutionNode = FALSE
	EndGlobalSection
	GlobalSection(ExtensibilityGlobals) = postSolution
		SolutionGuid = {583DC388-21D5-4B69-990F-EAE933DAD8D6}
	EndGlobalSection
EndGlobal
